dependencies:
- name: redis
  repository: https://charts.bitnami.com/bitnami
  version: 16.6.0
- name: postgresql
  repository: https://charts.bitnami.com/bitnami
  version: 11.1.9
- name: mysql
  repository: https://charts.bitnami.com/bitnami
  version: 8.8.27
digest: sha256:96a4a257c98a0c8dbe07690d480dec99a1a73c5074e5e8811d6947e741eb9126
generated: "2022-03-24T14:49:00.598734768+04:00"
