dependencies:
- name: redis
  repository: https://charts.bitnami.com/bitnami
  version: 16.13.2
- name: postgresql
  repository: https://charts.bitnami.com/bitnami
  version: 11.9.13
- name: mysql
  repository: https://charts.bitnami.com/bitnami
  version: 9.4.5
digest: sha256:3033d096c7b85826e80dbda6912727b88af3037b2e8bfe8662a1981ea547ce99
generated: "2022-12-24T23:03:47.422627899+04:00"
